
Microsoft Visual Studio Solution File, Format Version 12.00
# Visual Studio Version 17
VisualStudioVersion = 17.0.31611.283
MinimumVisualStudioVersion = 10.0.40219.1
Project("{9A19103F-16F7-4668-BE54-9A1E7A4F7556}") = "App6Yao", "App6Yao.csproj", "{8BD962ED-56D4-42EA-8624-162B6DA21E2F}"
EndProject
Project("{FAE04EC0-301F-11D3-BF4B-00C04F79EFBC}") = "App1", "..\App1\App1.csproj", "{7420AF6E-58C4-4F04-9D64-985BA0918A05}"
EndProject
Global
	GlobalSection(SolutionConfigurationPlatforms) = preSolution
		Debug|Any CPU = Debug|Any CPU
		Release|Any CPU = Release|Any CPU
	EndGlobalSection
	GlobalSection(ProjectConfigurationPlatforms) = postSolution
		{8BD962ED-56D4-42EA-8624-162B6DA21E2F}.Debug|Any CPU.ActiveCfg = Debug|Any CPU
		{8BD962ED-56D4-42EA-8624-162B6DA21E2F}.Debug|Any CPU.Build.0 = Debug|Any CPU
		{8BD962ED-56D4-42EA-8624-162B6DA21E2F}.Debug|Any CPU.Deploy.0 = Debug|Any CPU
		{8BD962ED-56D4-42EA-8624-162B6DA21E2F}.Release|Any CPU.ActiveCfg = Release|Any CPU
		{8BD962ED-56D4-42EA-8624-162B6DA21E2F}.Release|Any CPU.Build.0 = Release|Any CPU
		{8BD962ED-56D4-42EA-8624-162B6DA21E2F}.Release|Any CPU.Deploy.0 = Release|Any CPU
		{7420AF6E-58C4-4F04-9D64-985BA0918A05}.Debug|Any CPU.ActiveCfg = Debug|Any CPU
		{7420AF6E-58C4-4F04-9D64-985BA0918A05}.Debug|Any CPU.Build.0 = Debug|Any CPU
		{7420AF6E-58C4-4F04-9D64-985BA0918A05}.Release|Any CPU.ActiveCfg = Release|Any CPU
		{7420AF6E-58C4-4F04-9D64-985BA0918A05}.Release|Any CPU.Build.0 = Release|Any CPU
	EndGlobalSection
	GlobalSection(SolutionProperties) = preSolution
		HideSolutionNode = FALSE
	EndGlobalSection
	GlobalSection(ExtensibilityGlobals) = postSolution
		SolutionGuid = {61F7FB11-1E47-470C-91E2-47F8143E1572}
	EndGlobalSection
EndGlobal
